
Microsoft Visual Studio Solution File, Format Version 12.00
# Visual Studio Version 17
VisualStudioVersion = 17.6.33815.320
MinimumVisualStudioVersion = 10.0.40219.1
Project("{9A19103F-16F7-4668-BE54-9A1E7A4F7556}") = "WinFormsApp2", "WinFormsApp2\WinFormsApp2.csproj", "{CCC332B9-FA4D-4DBA-9031-F4455EF1D8C4}"
EndProject
Project("{FAE04EC0-301F-11D3-BF4B-00C04F79EFBC}") = "WinFormsApp1", "WinFormsApp1\WinFormsApp1.csproj", "{8D6169D3-8178-4962-B934-73B2DE300F70}"
EndProject
Global
	GlobalSection(SolutionConfigurationPlatforms) = preSolution
		Debug|Any CPU = Debug|Any CPU
		Release|Any CPU = Release|Any CPU
	EndGlobalSection
	GlobalSection(ProjectConfigurationPlatforms) = postSolution
		{CCC332B9-FA4D-4DBA-9031-F4455EF1D8C4}.Debug|Any CPU.ActiveCfg = Debug|Any CPU
		{CCC332B9-FA4D-4DBA-9031-F4455EF1D8C4}.Debug|Any CPU.Build.0 = Debug|Any CPU
		{CCC332B9-FA4D-4DBA-9031-F4455EF1D8C4}.Release|Any CPU.ActiveCfg = Release|Any CPU
		{CCC332B9-FA4D-4DBA-9031-F4455EF1D8C4}.Release|Any CPU.Build.0 = Release|Any CPU
		{8D6169D3-8178-4962-B934-73B2DE300F70}.Debug|Any CPU.ActiveCfg = Debug|Any CPU
		{8D6169D3-8178-4962-B934-73B2DE300F70}.Debug|Any CPU.Build.0 = Debug|Any CPU
		{8D6169D3-8178-4962-B934-73B2DE300F70}.Release|Any CPU.ActiveCfg = Release|Any CPU
		{8D6169D3-8178-4962-B934-73B2DE300F70}.Release|Any CPU.Build.0 = Release|Any CPU
	EndGlobalSection
	GlobalSection(SolutionProperties) = preSolution
		HideSolutionNode = FALSE
	EndGlobalSection
	GlobalSection(ExtensibilityGlobals) = postSolution
		SolutionGuid = {4E51D1F2-A57B-41AD-A485-81F8CAF6A833}
	EndGlobalSection
EndGlobal
